
Microsoft Visual Studio Solution File, Format Version 12.00
# Visual Studio Version 16
VisualStudioVersion = 25.0.1705.0
MinimumVisualStudioVersion = 10.0.40219.1
Project("{FAE04EC0-301F-11D3-BF4B-00C04F79EFBC}") = "DecoratorPattern", "StructuralPatterns\DecoratorPattern\DecoratorPattern.csproj", "{D523C83F-AD51-4156-A89F-CA913231C078}"
EndProject
Project("{FAE04EC0-301F-11D3-BF4B-00C04F79EFBC}") = "StrategyPattern", "BehavioralPatterns\StrategyPattern\StrategyPattern.csproj", "{B355527C-65E6-4B79-A374-7A3C22FECCFF}"
EndProject
Project("{FAE04EC0-301F-11D3-BF4B-00C04F79EFBC}") = "FacadePattern", "StructuralPatterns\FacadePattern\FacadePattern.csproj", "{AA4EED85-ADF5-4D9F-9AE8-72FC321472EC}"
EndProject
Project("{2150E333-8FDC-42A3-9474-1A3956D46DE8}") = "Solution Items", "Solution Items", "{04606905-9C0E-40EB-AEDD-8B7697981BEE}"
	ProjectSection(SolutionItems) = preProject
		README.md = README.md
	EndProjectSection
EndProject
Project("{2150E333-8FDC-42A3-9474-1A3956D46DE8}") = "StructuralPatterns", "StructuralPatterns", "{5B67769D-5F1E-4121-83B6-C9A5C74164FF}"
EndProject
Project("{2150E333-8FDC-42A3-9474-1A3956D46DE8}") = "CreationalPatterns", "CreationalPatterns", "{4F93E19A-5754-42D4-8CAA-617F282A7E94}"
EndProject
Project("{FAE04EC0-301F-11D3-BF4B-00C04F79EFBC}") = "AdapterPattern", "StructuralPatterns\AdapterPattern\AdapterPattern.csproj", "{C27EDA60-8C40-4EA6-BD3D-D7FC82780A3F}"
EndProject
Project("{2150E333-8FDC-42A3-9474-1A3956D46DE8}") = "BehavioralPatterns", "BehavioralPatterns", "{AE4134A4-2B3F-4F3A-844F-3BD0F878839B}"
EndProject
Project("{FAE04EC0-301F-11D3-BF4B-00C04F79EFBC}") = "SingletonPattern", "CreationalPatterns\SingletonPattern\SingletonPattern.csproj", "{BB1D1EA3-96CE-4057-830F-06FAF3F8EEFF}"
EndProject
Project("{FAE04EC0-301F-11D3-BF4B-00C04F79EFBC}") = "MediatorPattern", "BehavioralPatterns\MediatorPattern\MediatorPattern.csproj", "{A21FA29F-8E3F-46C2-A509-422889E798F9}"
EndProject
Project("{FAE04EC0-301F-11D3-BF4B-00C04F79EFBC}") = "ObserverPattern", "BehavioralPatterns\ObserverPattern\ObserverPattern.csproj", "{FC7BC597-DE43-41C7-BC9F-258E0479C5F0}"
EndProject
Project("{FAE04EC0-301F-11D3-BF4B-00C04F79EFBC}") = "TemplatePattern", "BehavioralPatterns\TemplatePattern\TemplatePattern.csproj", "{32D5EA58-F3B3-49F7-961C-B67AE5DE3060}"
EndProject
Project("{FAE04EC0-301F-11D3-BF4B-00C04F79EFBC}") = "CompositePattern", "StructuralPatterns\CompositePattern\CompositePattern.csproj", "{D99B6E9C-B718-4FF8-88E6-0B49CEB93F6C}"
EndProject
Project("{FAE04EC0-301F-11D3-BF4B-00C04F79EFBC}") = "IteratorPattern", "BehavioralPatterns\IteratorPattern\IteratorPattern.csproj", "{B27F8CF3-8716-45F1-9173-AB220C689CB3}"
EndProject
Project("{2150E333-8FDC-42A3-9474-1A3956D46DE8}") = "ProxyPattern", "ProxyPattern", "{57EA45DA-EC23-4F08-99CB-819CD244FAEB}"
EndProject
Project("{FAE04EC0-301F-11D3-BF4B-00C04F79EFBC}") = "ProtectionPattern", "StructuralPatterns\ProxyPattern\ProtectionPattern\ProtectionPattern.csproj", "{1A19F0DA-2947-417B-948E-43CDDA799595}"
EndProject
Project("{FAE04EC0-301F-11D3-BF4B-00C04F79EFBC}") = "VirtualProxyPattern", "StructuralPatterns\ProxyPattern\ProtectionPattern\VirtualProxyPattern\VirtualProxyPattern.csproj", "{02C064C2-6D89-4534-AF30-6BE2B4A5FB46}"
EndProject
Project("{FAE04EC0-301F-11D3-BF4B-00C04F79EFBC}") = "CommandPattern", "BehavioralPatterns\CommandPattern\CommandPattern.csproj", "{F9B9D1D7-80F8-4E25-99C0-ADE986736769}"
EndProject
Global
	GlobalSection(SolutionConfigurationPlatforms) = preSolution
		Debug|Any CPU = Debug|Any CPU
		Release|Any CPU = Release|Any CPU
	EndGlobalSection
	GlobalSection(ProjectConfigurationPlatforms) = postSolution
		{D523C83F-AD51-4156-A89F-CA913231C078}.Debug|Any CPU.ActiveCfg = Debug|Any CPU
		{D523C83F-AD51-4156-A89F-CA913231C078}.Debug|Any CPU.Build.0 = Debug|Any CPU
		{D523C83F-AD51-4156-A89F-CA913231C078}.Release|Any CPU.ActiveCfg = Release|Any CPU
		{D523C83F-AD51-4156-A89F-CA913231C078}.Release|Any CPU.Build.0 = Release|Any CPU
		{B355527C-65E6-4B79-A374-7A3C22FECCFF}.Debug|Any CPU.ActiveCfg = Debug|Any CPU
		{B355527C-65E6-4B79-A374-7A3C22FECCFF}.Debug|Any CPU.Build.0 = Debug|Any CPU
		{B355527C-65E6-4B79-A374-7A3C22FECCFF}.Release|Any CPU.ActiveCfg = Release|Any CPU
		{B355527C-65E6-4B79-A374-7A3C22FECCFF}.Release|Any CPU.Build.0 = Release|Any CPU
		{AA4EED85-ADF5-4D9F-9AE8-72FC321472EC}.Debug|Any CPU.ActiveCfg = Debug|Any CPU
		{AA4EED85-ADF5-4D9F-9AE8-72FC321472EC}.Debug|Any CPU.Build.0 = Debug|Any CPU
		{AA4EED85-ADF5-4D9F-9AE8-72FC321472EC}.Release|Any CPU.ActiveCfg = Release|Any CPU
		{AA4EED85-ADF5-4D9F-9AE8-72FC321472EC}.Release|Any CPU.Build.0 = Release|Any CPU
		{C27EDA60-8C40-4EA6-BD3D-D7FC82780A3F}.Debug|Any CPU.ActiveCfg = Debug|Any CPU
		{C27EDA60-8C40-4EA6-BD3D-D7FC82780A3F}.Debug|Any CPU.Build.0 = Debug|Any CPU
		{C27EDA60-8C40-4EA6-BD3D-D7FC82780A3F}.Release|Any CPU.ActiveCfg = Release|Any CPU
		{C27EDA60-8C40-4EA6-BD3D-D7FC82780A3F}.Release|Any CPU.Build.0 = Release|Any CPU
		{BB1D1EA3-96CE-4057-830F-06FAF3F8EEFF}.Debug|Any CPU.ActiveCfg = Debug|Any CPU
		{BB1D1EA3-96CE-4057-830F-06FAF3F8EEFF}.Debug|Any CPU.Build.0 = Debug|Any CPU
		{BB1D1EA3-96CE-4057-830F-06FAF3F8EEFF}.Release|Any CPU.ActiveCfg = Release|Any CPU
		{BB1D1EA3-96CE-4057-830F-06FAF3F8EEFF}.Release|Any CPU.Build.0 = Release|Any CPU
		{A21FA29F-8E3F-46C2-A509-422889E798F9}.Debug|Any CPU.ActiveCfg = Debug|Any CPU
		{A21FA29F-8E3F-46C2-A509-422889E798F9}.Debug|Any CPU.Build.0 = Debug|Any CPU
		{A21FA29F-8E3F-46C2-A509-422889E798F9}.Release|Any CPU.ActiveCfg = Release|Any CPU
		{A21FA29F-8E3F-46C2-A509-422889E798F9}.Release|Any CPU.Build.0 = Release|Any CPU
		{FC7BC597-DE43-41C7-BC9F-258E0479C5F0}.Debug|Any CPU.ActiveCfg = Debug|Any CPU
		{FC7BC597-DE43-41C7-BC9F-258E0479C5F0}.Debug|Any CPU.Build.0 = Debug|Any CPU
		{FC7BC597-DE43-41C7-BC9F-258E0479C5F0}.Release|Any CPU.ActiveCfg = Release|Any CPU
		{FC7BC597-DE43-41C7-BC9F-258E0479C5F0}.Release|Any CPU.Build.0 = Release|Any CPU
		{32D5EA58-F3B3-49F7-961C-B67AE5DE3060}.Debug|Any CPU.ActiveCfg = Debug|Any CPU
		{32D5EA58-F3B3-49F7-961C-B67AE5DE3060}.Debug|Any CPU.Build.0 = Debug|Any CPU
		{32D5EA58-F3B3-49F7-961C-B67AE5DE3060}.Release|Any CPU.ActiveCfg = Release|Any CPU
		{32D5EA58-F3B3-49F7-961C-B67AE5DE3060}.Release|Any CPU.Build.0 = Release|Any CPU
		{D99B6E9C-B718-4FF8-88E6-0B49CEB93F6C}.Debug|Any CPU.ActiveCfg = Debug|Any CPU
		{D99B6E9C-B718-4FF8-88E6-0B49CEB93F6C}.Debug|Any CPU.Build.0 = Debug|Any CPU
		{D99B6E9C-B718-4FF8-88E6-0B49CEB93F6C}.Release|Any CPU.ActiveCfg = Release|Any CPU
		{D99B6E9C-B718-4FF8-88E6-0B49CEB93F6C}.Release|Any CPU.Build.0 = Release|Any CPU
		{B27F8CF3-8716-45F1-9173-AB220C689CB3}.Debug|Any CPU.ActiveCfg = Debug|Any CPU
		{B27F8CF3-8716-45F1-9173-AB220C689CB3}.Debug|Any CPU.Build.0 = Debug|Any CPU
		{B27F8CF3-8716-45F1-9173-AB220C689CB3}.Release|Any CPU.ActiveCfg = Release|Any CPU
		{B27F8CF3-8716-45F1-9173-AB220C689CB3}.Release|Any CPU.Build.0 = Release|Any CPU
		{1A19F0DA-2947-417B-948E-43CDDA799595}.Debug|Any CPU.ActiveCfg = Debug|Any CPU
		{1A19F0DA-2947-417B-948E-43CDDA799595}.Debug|Any CPU.Build.0 = Debug|Any CPU
		{1A19F0DA-2947-417B-948E-43CDDA799595}.Release|Any CPU.ActiveCfg = Release|Any CPU
		{1A19F0DA-2947-417B-948E-43CDDA799595}.Release|Any CPU.Build.0 = Release|Any CPU
		{02C064C2-6D89-4534-AF30-6BE2B4A5FB46}.Debug|Any CPU.ActiveCfg = Debug|Any CPU
		{02C064C2-6D89-4534-AF30-6BE2B4A5FB46}.Debug|Any CPU.Build.0 = Debug|Any CPU
		{02C064C2-6D89-4534-AF30-6BE2B4A5FB46}.Release|Any CPU.ActiveCfg = Release|Any CPU
		{02C064C2-6D89-4534-AF30-6BE2B4A5FB46}.Release|Any CPU.Build.0 = Release|Any CPU
		{F9B9D1D7-80F8-4E25-99C0-ADE986736769}.Debug|Any CPU.ActiveCfg = Debug|Any CPU
		{F9B9D1D7-80F8-4E25-99C0-ADE986736769}.Debug|Any CPU.Build.0 = Debug|Any CPU
		{F9B9D1D7-80F8-4E25-99C0-ADE986736769}.Release|Any CPU.ActiveCfg = Release|Any CPU
		{F9B9D1D7-80F8-4E25-99C0-ADE986736769}.Release|Any CPU.Build.0 = Release|Any CPU
	EndGlobalSection
	GlobalSection(SolutionProperties) = preSolution
		HideSolutionNode = FALSE
	EndGlobalSection
	GlobalSection(ExtensibilityGlobals) = postSolution
		SolutionGuid = {C0796A90-70BF-4056-BBE3-44924F6FB863}
	EndGlobalSection
	GlobalSection(NestedProjects) = preSolution
		{D523C83F-AD51-4156-A89F-CA913231C078} = {5B67769D-5F1E-4121-83B6-C9A5C74164FF}
		{C27EDA60-8C40-4EA6-BD3D-D7FC82780A3F} = {5B67769D-5F1E-4121-83B6-C9A5C74164FF}
		{AA4EED85-ADF5-4D9F-9AE8-72FC321472EC} = {5B67769D-5F1E-4121-83B6-C9A5C74164FF}
		{B355527C-65E6-4B79-A374-7A3C22FECCFF} = {AE4134A4-2B3F-4F3A-844F-3BD0F878839B}
		{BB1D1EA3-96CE-4057-830F-06FAF3F8EEFF} = {4F93E19A-5754-42D4-8CAA-617F282A7E94}
		{A21FA29F-8E3F-46C2-A509-422889E798F9} = {AE4134A4-2B3F-4F3A-844F-3BD0F878839B}
		{FC7BC597-DE43-41C7-BC9F-258E0479C5F0} = {AE4134A4-2B3F-4F3A-844F-3BD0F878839B}
		{32D5EA58-F3B3-49F7-961C-B67AE5DE3060} = {AE4134A4-2B3F-4F3A-844F-3BD0F878839B}
		{D99B6E9C-B718-4FF8-88E6-0B49CEB93F6C} = {5B67769D-5F1E-4121-83B6-C9A5C74164FF}
		{B27F8CF3-8716-45F1-9173-AB220C689CB3} = {AE4134A4-2B3F-4F3A-844F-3BD0F878839B}
		{57EA45DA-EC23-4F08-99CB-819CD244FAEB} = {5B67769D-5F1E-4121-83B6-C9A5C74164FF}
		{1A19F0DA-2947-417B-948E-43CDDA799595} = {57EA45DA-EC23-4F08-99CB-819CD244FAEB}
		{02C064C2-6D89-4534-AF30-6BE2B4A5FB46} = {57EA45DA-EC23-4F08-99CB-819CD244FAEB}
		{F9B9D1D7-80F8-4E25-99C0-ADE986736769} = {AE4134A4-2B3F-4F3A-844F-3BD0F878839B}
	EndGlobalSection
EndGlobal
